
Microsoft Visual Studio Solution File, Format Version 12.00
# Visual Studio Version 17
VisualStudioVersion = 17.14.36623.8 d17.14
MinimumVisualStudioVersion = 10.0.40219.1
Project("{FAE04EC0-301F-11D3-BF4B-00C04F79EFBC}") = "ConsoleApp1", "ConsoleApp1\ConsoleApp1.csproj", "{784FB25E-320E-42FD-8307-67551450979F}"
EndProject
Project("{FAE04EC0-301F-11D3-BF4B-00C04F79EFBC}") = "ConsoleApp2", "ConsoleApp2\ConsoleApp2.csproj", "{F4BA724A-074A-4FC5-BFBA-5E25ADB750BF}"
EndProject
Project("{FAE04EC0-301F-11D3-BF4B-00C04F79EFBC}") = "ConsoleApp3", "ConsoleApp3\ConsoleApp3.csproj", "{B763827F-BB14-4CBC-9149-8D8E75BB436D}"
EndProject
Project("{FAE04EC0-301F-11D3-BF4B-00C04F79EFBC}") = "ConsoleApp4", "ConsoleApp4\ConsoleApp4.csproj", "{2C6C4820-F0B3-4327-AAFD-AACBCE0D2783}"
EndProject
Project("{FAE04EC0-301F-11D3-BF4B-00C04F79EFBC}") = "ConsoleApp5", "ConsoleApp5\ConsoleApp5.csproj", "{361A7491-E5AD-4819-A415-39E1EE689E1E}"
EndProject
Project("{FAE04EC0-301F-11D3-BF4B-00C04F79EFBC}") = "ConsoleApp6", "ConsoleApp6\ConsoleApp6.csproj", "{88743516-6BE0-419C-9195-CAD9F9E86216}"
EndProject
Project("{FAE04EC0-301F-11D3-BF4B-00C04F79EFBC}") = "ConsoleApp7", "ConsoleApp7\ConsoleApp7.csproj", "{86A193BF-5D60-45E8-A042-ECF51A3106DC}"
EndProject
Project("{FAE04EC0-301F-11D3-BF4B-00C04F79EFBC}") = "ConsoleApp8", "ConsoleApp8\ConsoleApp8.csproj", "{15C3E1FE-1061-45E1-9FC9-78D9595AF1F5}"
EndProject
Project("{FAE04EC0-301F-11D3-BF4B-00C04F79EFBC}") = "ConsoleApp9", "ConsoleApp9\ConsoleApp9.csproj", "{37F998ED-7A9E-4F5F-A36C-254B86380E25}"
EndProject
Global
	GlobalSection(SolutionConfigurationPlatforms) = preSolution
		Debug|Any CPU = Debug|Any CPU
		Release|Any CPU = Release|Any CPU
	EndGlobalSection
	GlobalSection(ProjectConfigurationPlatforms) = postSolution
		{784FB25E-320E-42FD-8307-67551450979F}.Debug|Any CPU.ActiveCfg = Debug|Any CPU
		{784FB25E-320E-42FD-8307-67551450979F}.Debug|Any CPU.Build.0 = Debug|Any CPU
		{784FB25E-320E-42FD-8307-67551450979F}.Release|Any CPU.ActiveCfg = Release|Any CPU
		{784FB25E-320E-42FD-8307-67551450979F}.Release|Any CPU.Build.0 = Release|Any CPU
		{F4BA724A-074A-4FC5-BFBA-5E25ADB750BF}.Debug|Any CPU.ActiveCfg = Debug|Any CPU
		{F4BA724A-074A-4FC5-BFBA-5E25ADB750BF}.Debug|Any CPU.Build.0 = Debug|Any CPU
		{F4BA724A-074A-4FC5-BFBA-5E25ADB750BF}.Release|Any CPU.ActiveCfg = Release|Any CPU
		{F4BA724A-074A-4FC5-BFBA-5E25ADB750BF}.Release|Any CPU.Build.0 = Release|Any CPU
		{B763827F-BB14-4CBC-9149-8D8E75BB436D}.Debug|Any CPU.ActiveCfg = Debug|Any CPU
		{B763827F-BB14-4CBC-9149-8D8E75BB436D}.Debug|Any CPU.Build.0 = Debug|Any CPU
		{B763827F-BB14-4CBC-9149-8D8E75BB436D}.Release|Any CPU.ActiveCfg = Release|Any CPU
		{B763827F-BB14-4CBC-9149-8D8E75BB436D}.Release|Any CPU.Build.0 = Release|Any CPU
		{2C6C4820-F0B3-4327-AAFD-AACBCE0D2783}.Debug|Any CPU.ActiveCfg = Debug|Any CPU
		{2C6C4820-F0B3-4327-AAFD-AACBCE0D2783}.Debug|Any CPU.Build.0 = Debug|Any CPU
		{2C6C4820-F0B3-4327-AAFD-AACBCE0D2783}.Release|Any CPU.ActiveCfg = Release|Any CPU
		{2C6C4820-F0B3-4327-AAFD-AACBCE0D2783}.Release|Any CPU.Build.0 = Release|Any CPU
		{361A7491-E5AD-4819-A415-39E1EE689E1E}.Debug|Any CPU.ActiveCfg = Debug|Any CPU
		{361A7491-E5AD-4819-A415-39E1EE689E1E}.Debug|Any CPU.Build.0 = Debug|Any CPU
		{361A7491-E5AD-4819-A415-39E1EE689E1E}.Release|Any CPU.ActiveCfg = Release|Any CPU
		{361A7491-E5AD-4819-A415-39E1EE689E1E}.Release|Any CPU.Build.0 = Release|Any CPU
		{88743516-6BE0-419C-9195-CAD9F9E86216}.Debug|Any CPU.ActiveCfg = Debug|Any CPU
		{88743516-6BE0-419C-9195-CAD9F9E86216}.Debug|Any CPU.Build.0 = Debug|Any CPU
		{88743516-6BE0-419C-9195-CAD9F9E86216}.Release|Any CPU.ActiveCfg = Release|Any CPU
		{88743516-6BE0-419C-9195-CAD9F9E86216}.Release|Any CPU.Build.0 = Release|Any CPU
		{86A193BF-5D60-45E8-A042-ECF51A3106DC}.Debug|Any CPU.ActiveCfg = Debug|Any CPU
		{86A193BF-5D60-45E8-A042-ECF51A3106DC}.Debug|Any CPU.Build.0 = Debug|Any CPU
		{86A193BF-5D60-45E8-A042-ECF51A3106DC}.Release|Any CPU.ActiveCfg = Release|Any CPU
		{86A193BF-5D60-45E8-A042-ECF51A3106DC}.Release|Any CPU.Build.0 = Release|Any CPU
		{15C3E1FE-1061-45E1-9FC9-78D9595AF1F5}.Debug|Any CPU.ActiveCfg = Debug|Any CPU
		{15C3E1FE-1061-45E1-9FC9-78D9595AF1F5}.Debug|Any CPU.Build.0 = Debug|Any CPU
		{15C3E1FE-1061-45E1-9FC9-78D9595AF1F5}.Release|Any CPU.ActiveCfg = Release|Any CPU
		{15C3E1FE-1061-45E1-9FC9-78D9595AF1F5}.Release|Any CPU.Build.0 = Release|Any CPU
		{37F998ED-7A9E-4F5F-A36C-254B86380E25}.Debug|Any CPU.ActiveCfg = Debug|Any CPU
		{37F998ED-7A9E-4F5F-A36C-254B86380E25}.Debug|Any CPU.Build.0 = Debug|Any CPU
		{37F998ED-7A9E-4F5F-A36C-254B86380E25}.Release|Any CPU.ActiveCfg = Release|Any CPU
		{37F998ED-7A9E-4F5F-A36C-254B86380E25}.Release|Any CPU.Build.0 = Release|Any CPU
	EndGlobalSection
	GlobalSection(SolutionProperties) = preSolution
		HideSolutionNode = FALSE
	EndGlobalSection
	GlobalSection(ExtensibilityGlobals) = postSolution
		SolutionGuid = {CFA629F5-B5E6-42C8-AA74-B6810456E727}
	EndGlobalSection
EndGlobal
